PATH
  remote: ..
  specs:
    mongo_trails (14.0.0)
      mongoid (>= 7, < 10)
      ostruct
      paper_trail (~> 16)
      sidekiq (>= 6.5, < 9)

GEM
  remote: https://rubygems.org/
  specs:
    activemodel (7.2.3.2)
      activesupport (= 7.2.3.2)
    activerecord (7.2.3.2)
      activemodel (= 7.2.3.2)
      activesupport (= 7.2.3.2)
      timeout (>= 0.4.0)
    activesupport (7.2.3.2)
      base64
      benchmark (>= 0.3)
      bigdecimal
      concurrent-ruby (~> 1.0, >= 1.3.1)
      connection_pool (>= 2.2.5)
      drb
      i18n (>= 1.6, < 2)
      logger (>= 1.4.2)
      minitest (>= 5.1, < 6)
      securerandom (>= 0.3)
      tzinfo (~> 2.0, >= 2.0.5)
    addressable (2.8.9)
      public_suffix (>= 2.0.2, < 8.0)
    after_commit_everywhere (1.6.0)
      activerecord (>= 4.2)
      activesupport
    appraisal (2.5.0)
      bundler
      rake
      thor (>= 0.14.0)
    ast (2.4.3)
    base64 (0.3.0)
    benchmark (0.5.0)
    bigdecimal (4.1.2)
    bson (5.2.0)
    concurrent-ruby (1.3.8)
    connection_pool (3.0.2)
    drb (2.2.3)
    i18n (1.15.2)
      concurrent-ruby (~> 1.0)
    json (2.21.2)
    json-schema (6.2.0)
      addressable (~> 2.8)
      bigdecimal (>= 3.1, < 5)
    language_server-protocol (3.17.0.5)
    lint_roller (1.1.0)
    logger (1.7.0)
    mcp (0.8.0)
      json-schema (>= 4.1)
    minitest (5.27.0)
    mongo (2.25.0)
      base64
      bson (>= 4.14.1, < 6.0.0)
    mongoid (9.1.0)
      activemodel (>= 5.1, < 8.2, != 7.0.0)
      concurrent-ruby (>= 1.0.5, < 2.0)
      mongo (>= 2.18.0, < 3.0.0)
      ostruct
    ostruct (0.6.3)
    paper_trail (16.0.0)
      activerecord (>= 6.1)
      request_store (~> 1.4)
    parallel (1.27.0)
    parser (3.3.10.2)
      ast (~> 2.4.1)
      racc
    prism (1.9.0)
    public_suffix (7.0.5)
    racc (1.8.1)
    rack (3.2.7)
    rainbow (3.1.1)
    rake (13.3.1)
    redis-client (0.30.1)
      connection_pool
    regexp_parser (2.11.3)
    request_store (1.7.0)
      rack (>= 1.4)
    rubocop (1.85.1)
      json (~> 2.3)
      language_server-protocol (~> 3.17.0.2)
      lint_roller (~> 1.1.0)
      mcp (~> 0.6)
      parallel (~> 1.10)
      parser (>= 3.3.0.2)
      rainbow (>= 2.2.2, < 4.0)
      regexp_parser (>= 2.9.3, < 3.0)
      rubocop-ast (>= 1.49.0, < 2.0)
      ruby-progressbar (~> 1.7)
      unicode-display_width (>= 2.4.0, < 4.0)
    rubocop-ast (1.49.1)
      parser (>= 3.3.7.2)
      prism (~> 1.7)
    ruby-progressbar (1.13.0)
    securerandom (0.4.1)
    sidekiq (8.1.7)
      connection_pool (>= 3.0.0)
      json (>= 2.16.0)
      logger (>= 1.7.0)
      rack (>= 3.2.0)
      redis-client (>= 0.29.0)
    sqlite3 (2.9.2-aarch64-linux-gnu)
    sqlite3 (2.9.2-aarch64-linux-musl)
    sqlite3 (2.9.2-arm-linux-gnu)
    sqlite3 (2.9.2-arm-linux-musl)
    sqlite3 (2.9.2-arm64-darwin)
    sqlite3 (2.9.2-x86-linux-gnu)
    sqlite3 (2.9.2-x86-linux-musl)
    sqlite3 (2.9.2-x86_64-darwin)
    sqlite3 (2.9.2-x86_64-linux-gnu)
    sqlite3 (2.9.2-x86_64-linux-musl)
    thor (1.5.0)
    timeout (0.6.1)
    tzinfo (2.0.6)
      concurrent-ruby (~> 1.0)
    unicode-display_width (3.2.0)
      unicode-emoji (~> 4.1)
    unicode-emoji (4.2.0)

PLATFORMS
  aarch64-linux-gnu
  aarch64-linux-musl
  arm-linux-gnu
  arm-linux-musl
  arm64-darwin
  x86-linux-gnu
  x86-linux-musl
  x86_64-darwin
  x86_64-linux-gnu
  x86_64-linux-musl

DEPENDENCIES
  activerecord (~> 7.1)
  after_commit_everywhere
  appraisal (~> 2.3)
  minitest (~> 5.0)
  mongo_trails!
  rake (~> 13.0)
  rubocop
  sqlite3 (~> 2.9)

CHECKSUMS
  activemodel (7.2.3.2) sha256=3777c67cd8dd1560f30387523013dacb370a0a1cf532037410887819e4416927
  activerecord (7.2.3.2) sha256=e62d24ba7e5f820d24ed122eb9225491b0aaa8398778783b400067c3467285c7
  activesupport (7.2.3.2) sha256=ddc90d11dd88086d78ace03407fe3c2a3f5c8853c3c3046313db5ed823ef3312
  addressable (2.8.9) sha256=cc154fcbe689711808a43601dee7b980238ce54368d23e127421753e46895485
  after_commit_everywhere (1.6.0) sha256=c8b3409a1172e43070d2e57f4b9d7b89dce5a7f057576b748cb9fe0a0dd4d917
  appraisal (2.5.0) sha256=36989221be127913b0dba8d114da2001e6b2dceea7bd4951200eaba764eed3ce
  ast (2.4.3) sha256=954615157c1d6a382bc27d690d973195e79db7f55e9765ac7c481c60bdb4d383
  base64 (0.3.0) sha256=27337aeabad6ffae05c265c450490628ef3ebd4b67be58257393227588f5a97b
  benchmark (0.5.0) sha256=465df122341aedcb81a2a24b4d3bd19b6c67c1530713fd533f3ff034e419236c
  bigdecimal (4.1.2) sha256=53d217666027eab4280346fba98e7d5b66baaae1b9c3c1c0ffe89d48188a3fbd
  bson (5.2.0) sha256=c468c1e8a3cfa1e80531cc519a890f85586986721d8e305f83465cc36bb82608
  bundler (4.0.19) sha256=b48056e4c77fb3853cc47775b5447ede44aaa4f53c32f168014ab4fe86587d47
  concurrent-ruby (1.3.8) sha256=b2f1be836e968ccc78ccfce277ea79c72a88633f22306782c16ff23fb415d1e1
  connection_pool (3.0.2) sha256=33fff5ba71a12d2aa26cb72b1db8bba2a1a01823559fb01d29eb74c286e62e0a
  drb (2.2.3) sha256=0b00d6fdb50995fe4a45dea13663493c841112e4068656854646f418fda13373
  i18n (1.15.2) sha256=00f9eb62412fe593b2a65a97daa75300d37abb8f7202ec748e94b6d46a9dd1b5
  json (2.21.2) sha256=1f1d3b7cf2b3ba1a69beca0bb6db13d5438b80bff3cd54cdaaa620b9b07c1c6a
  json-schema (6.2.0) sha256=e8bff46ed845a22c1ab2bd0d7eccf831c01fe23bb3920caa4c74db4306813666
  language_server-protocol (3.17.0.5) sha256=fd1e39a51a28bf3eec959379985a72e296e9f9acfce46f6a79d31ca8760803cc
  lint_roller (1.1.0) sha256=2c0c845b632a7d172cb849cc90c1bce937a28c5c8ccccb50dfd46a485003cc87
  logger (1.7.0) sha256=196edec7cc44b66cfb40f9755ce11b392f21f7967696af15d274dde7edff0203
  mcp (0.8.0) sha256=ae8bd146bb8e168852866fd26f805f52744f6326afb3211e073f78a95e0c34fb
  minitest (5.27.0) sha256=2d3b17f8a36fe7801c1adcffdbc38233b938eb0b4966e97a6739055a45fa77d5
  mongo (2.25.0) sha256=b4663884d23523d24f50c579846956444410f939093e8c2a95fa4b76bb929053
  mongo_trails (14.0.0)
  mongoid (9.1.0) sha256=ef7b50f4c84e636850c3431bc3c92f98481f4e1d147ff06a1c21242d0b242a9e
  ostruct (0.6.3) sha256=95a2ed4a4bd1d190784e666b47b2d3f078e4a9efda2fccf18f84ddc6538ed912
  paper_trail (16.0.0) sha256=e9b9f0fb1b8b590c8231cfa931b282ba92f90e066e393930a5e1c61ae4c5019d
  parallel (1.27.0) sha256=4ac151e1806b755fb4e2dc2332cbf0e54f2e24ba821ff2d3dcf86bf6dc4ae130
  parser (3.3.10.2) sha256=6f60c84aa4bdcedb6d1a2434b738fe8a8136807b6adc8f7f53b97da9bc4e9357
  prism (1.9.0) sha256=7b530c6a9f92c24300014919c9dcbc055bf4cdf51ec30aed099b06cd6674ef85
  public_suffix (7.0.5) sha256=1a8bb08f1bbea19228d3bed6e5ed908d1cb4f7c2726d18bd9cadf60bc676f623
  racc (1.8.1) sha256=4a7f6929691dbec8b5209a0b373bc2614882b55fc5d2e447a21aaa691303d62f
  rack (3.2.7) sha256=93e13e1c24f93556671d85d2d79fa228c3485815c50d7e2f265b5330c6528fb7
  rainbow (3.1.1) sha256=039491aa3a89f42efa1d6dec2fc4e62ede96eb6acd95e52f1ad581182b79bc6a
  rake (13.3.1) sha256=8c9e89d09f66a26a01264e7e3480ec0607f0c497a861ef16063604b1b08eb19c
  redis-client (0.30.1) sha256=5151bc5c7bbfe48623732cdae3b900d8a22dc691cc7cdfacfb351ac55116522d
  regexp_parser (2.11.3) sha256=ca13f381a173b7a93450e53459075c9b76a10433caadcb2f1180f2c741fc55a4
  request_store (1.7.0) sha256=e1b75d5346a315f452242a68c937ef8e48b215b9453a77a6c0acdca2934c88cb
  rubocop (1.85.1) sha256=3dbcf9e961baa4c376eeeb2a03913dca5e3987033b04d38fa538aa1e7406cc77
  rubocop-ast (1.49.1) sha256=4412f3ee70f6fe4546cc489548e0f6fcf76cafcfa80fa03af67098ffed755035
  ruby-progressbar (1.13.0) sha256=80fc9c47a9b640d6834e0dc7b3c94c9df37f08cb072b7761e4a71e22cff29b33
  securerandom (0.4.1) sha256=cc5193d414a4341b6e225f0cb4446aceca8e50d5e1888743fac16987638ea0b1
  sidekiq (8.1.7) sha256=91ad48c7e6c32e1846bf1d5b74c27948758049b93fed0cb539f8d586c7de3415
  sqlite3 (2.9.2-aarch64-linux-gnu) sha256=eeb86db55645b85327ba75129e3614658d974bf4da8fdc87018a0d42c59f6e42
  sqlite3 (2.9.2-aarch64-linux-musl) sha256=4feff91fb8c2b13688da34b5627c9d1ed9cedb3ee87a7114ec82209147f07a6d
  sqlite3 (2.9.2-arm-linux-gnu) sha256=1ee2eb06b5301aaf5ce343a6e88d99ac932d95202d7b350f0e7b6d8d588580d7
  sqlite3 (2.9.2-arm-linux-musl) sha256=8ca0de6aceede968de0394e22e95d549834c4d8e318f69a92a52f049878a0057
  sqlite3 (2.9.2-arm64-darwin) sha256=d15bd9609a05f9d54930babe039585efc8cadd57517c15b64ec7dfa75158a5e9
  sqlite3 (2.9.2-x86-linux-gnu) sha256=066bc904522f8a7072236a81237c03a4a1dfe070a25107e392de03d1e4ad0e6d
  sqlite3 (2.9.2-x86-linux-musl) sha256=6503c76278f5e8629b12b6518ff43a9a4f6d9381de73f0b086c9fa1226db5ede
  sqlite3 (2.9.2-x86_64-darwin) sha256=ed691b5021674d72582d03c5a38e89634b961902735fb6225273892805421d13
  sqlite3 (2.9.2-x86_64-linux-gnu) sha256=dce83ffcb7e72f9f7aeb6e5404f15d277a45332fe18ccce8a8b3ed51e8d23aee
  sqlite3 (2.9.2-x86_64-linux-musl) sha256=e8dd906a613f13b60f6d47ae9dda376384d9de1ab3f7e3f2fdf2fd18a871a2d7
  thor (1.5.0) sha256=e3a9e55fe857e44859ce104a84675ab6e8cd59c650a49106a05f55f136425e73
  timeout (0.6.1) sha256=78f57368a7e7bbadec56971f78a3f5ecbcfb59b7fcbb0a3ed6ddc08a5094accb
  tzinfo (2.0.6) sha256=8daf828cc77bcf7d63b0e3bdb6caa47e2272dcfaf4fbfe46f8c3a9df087a829b
  unicode-display_width (3.2.0) sha256=0cdd96b5681a5949cdbc2c55e7b420facae74c4aaf9a9815eee1087cb1853c42
  unicode-emoji (4.2.0) sha256=519e69150f75652e40bf736106cfbc8f0f73aa3fb6a65afe62fefa7f80b0f80f

BUNDLED WITH
  4.0.19
